
Microsoft Visual Studio Solution File, Format Version 12.00
# Visual Studio Version 16
VisualStudioVersion = 16.0.31410.357
MinimumVisualStudioVersion = 10.0.40219.1
Project("{2150E333-8FDC-42A3-9474-1A3956D46DE8}") = "CinemaApp", "CinemaApp", "{01B7C1E7-2718-44A6-B2FA-D41E44BA347F}"
EndProject
Project("{FAE04EC0-301F-11D3-BF4B-00C04F79EFBC}") = "CinemaApp", "CinemaApp\CinemaApp.csproj", "{8AC3A864-0C3D-4B8F-B710-68287958A75D}"
EndProject
Global
	GlobalSection(SolutionConfigurationPlatforms) = preSolution
		Debug|Any CPU = Debug|Any CPU
		Release|Any CPU = Release|Any CPU
	EndGlobalSection
	GlobalSection(ProjectConfigurationPlatforms) = postSolution
		{8AC3A864-0C3D-4B8F-B710-68287958A75D}.Debug|Any CPU.ActiveCfg = Debug|Any CPU
		{8AC3A864-0C3D-4B8F-B710-68287958A75D}.Debug|Any CPU.Build.0 = Debug|Any CPU
		{8AC3A864-0C3D-4B8F-B710-68287958A75D}.Release|Any CPU.ActiveCfg = Release|Any CPU
		{8AC3A864-0C3D-4B8F-B710-68287958A75D}.Release|Any CPU.Build.0 = Release|Any CPU
	EndGlobalSection
	GlobalSection(SolutionProperties) = preSolution
		HideSolutionNode = FALSE
	EndGlobalSection
	GlobalSection(NestedProjects) = preSolution
		{8AC3A864-0C3D-4B8F-B710-68287958A75D} = {01B7C1E7-2718-44A6-B2FA-D41E44BA347F}
	EndGlobalSection
	GlobalSection(ExtensibilityGlobals) = postSolution
		SolutionGuid = {2C8CE93B-6BEE-402C-915A-4BB27CC9DA6A}
	EndGlobalSection
EndGlobal
